
Microsoft Visual Studio Solution File, Format Version 12.00
# Visual Studio 2013
VisualStudioVersion = 12.0.31101.0
MinimumVisualStudioVersion = 10.0.40219.1
Project("{FAE04EC0-301F-11D3-BF4B-00C04F79EFBC}") = "Client", "Client\Client.csproj", "{F1464291-0509-433F-B5C8-9ACB09FAB96E}"
EndProject
Project("{9092AA53-FB77-4645-B42D-1CCCA6BD08BD}") = "Server", "Server\Server.njsproj", "{59FEE576-A278-4BC3-B6DF-262CC9397953}"
EndProject
Global
	GlobalSection(SolutionConfigurationPlatforms) = preSolution
		Debug|Any CPU = Debug|Any CPU
		Release|Any CPU = Release|Any CPU
	EndGlobalSection
	GlobalSection(ProjectConfigurationPlatforms) = postSolution
		{F1464291-0509-433F-B5C8-9ACB09FAB96E}.Debug|Any CPU.ActiveCfg = Debug|Any CPU
		{F1464291-0509-433F-B5C8-9ACB09FAB96E}.Debug|Any CPU.Build.0 = Debug|Any CPU
		{F1464291-0509-433F-B5C8-9ACB09FAB96E}.Release|Any CPU.ActiveCfg = Release|Any CPU
		{F1464291-0509-433F-B5C8-9ACB09FAB96E}.Release|Any CPU.Build.0 = Release|Any CPU
		{59FEE576-A278-4BC3-B6DF-262CC9397953}.Debug|Any CPU.ActiveCfg = Debug|Any CPU
		{59FEE576-A278-4BC3-B6DF-262CC9397953}.Debug|Any CPU.Build.0 = Debug|Any CPU
		{59FEE576-A278-4BC3-B6DF-262CC9397953}.Release|Any CPU.ActiveCfg = Release|Any CPU
		{59FEE576-A278-4BC3-B6DF-262CC9397953}.Release|Any CPU.Build.0 = Release|Any CPU
	EndGlobalSection
	GlobalSection(SolutionProperties) = preSolution
		HideSolutionNode = FALSE
	EndGlobalSection
EndGlobal
